// !$*UTF8*$!
{
	archiveVersion = 1;
	classes = {
	};
	objectVersion = 46;
	objects = {

/* Begin PBXBuildFile section */
		D368B64818E7EBE8004630C0 /* Foundation.framework in Frameworks */ = {isa = PBXBuildFile; fileRef = D368B64718E7EBE8004630C0 /* Foundation.framework */; };
		D368B64A18E7EBE8004630C0 /* CoreGraphics.framework in Frameworks */ = {isa = PBXBuildFile; fileRef = D368B64918E7EBE8004630C0 /* CoreGraphics.framework */; };
		D368B64C18E7EBE8004630C0 /* UIKit.framework in Frameworks */ = {isa = PBXBuildFile; fileRef = D368B64B18E7EBE8004630C0 /* UIKit.framework */; };
		D368B65218E7EBE8004630C0 /* InfoPlist.strings in Resources */ = {isa = PBXBuildFile; fileRef = D368B65018E7EBE8004630C0 /* InfoPlist.strings */; };
		D368B65418E7EBE8004630C0 /* main.m in Sources */ = {isa = PBXBuildFile; fileRef = D368B65318E7EBE8004630C0 /* main.m */; };
		D368B65818E7EBE8004630C0 /* TGAppDelegate.m in Sources */ = {isa = PBXBuildFile; fileRef = D368B65718E7EBE8004630C0 /* TGAppDelegate.m */; };
		D368B65B18E7EBE8004630C0 /* Main.storyboard in Resources */ = {isa = PBXBuildFile; fileRef = D368B65918E7EBE8004630C0 /* Main.storyboard */; };
		D368B66018E7EBE8004630C0 /* Images.xcassets in Resources */ = {isa = PBXBuildFile; fileRef = D368B65F18E7EBE8004630C0 /* Images.xcassets */; };
		D368B66718E7EBE8004630C0 /* XCTest.framework in Frameworks */ = {isa = PBXBuildFile; fileRef = D368B66618E7EBE8004630C0 /* XCTest.framework */; };
		D368B66818E7EBE8004630C0 /* Foundation.framework in Frameworks */ = {isa = PBXBuildFile; fileRef = D368B64718E7EBE8004630C0 /* Foundation.framework */; };
		D368B66918E7EBE8004630C0 /* UIKit.framework in Frameworks */ = {isa = PBXBuildFile; fileRef = D368B64B18E7EBE8004630C0 /* UIKit.framework */; };
		D368B67118E7EBE8004630C0 /* InfoPlist.strings in Resources */ = {isa = PBXBuildFile; fileRef = D368B66F18E7EBE8004630C0 /* InfoPlist.strings */; };
		D368B67318E7EBE8004630C0 /* UITableViewControllerTests.m in Sources */ = {isa = PBXBuildFile; fileRef = D368B67218E7EBE8004630C0 /* UITableViewControllerTests.m */; };
		D368B67E18E7EC24004630C0 /* TGTableViewController.m in Sources */ = {isa = PBXBuildFile; fileRef = D368B67D18E7EC24004630C0 /* TGTableViewController.m */; };
/* End PBXBuildFile section */

/* Begin PBXContainerItemProxy section */
		D368B66A18E7EBE8004630C0 /* PBXContainerItemProxy */ = {
			isa = PBXContainerItemProxy;
			containerPortal = D368B63C18E7EBE8004630C0 /* Project object */;
			proxyType = 1;
			remoteGlobalIDString = D368B64318E7EBE8004630C0;
			remoteInfo = UITableViewController;
		};
/* End PBXContainerItemProxy section */

/* Begin PBXFileReference section */
		D368B64418E7EBE8004630C0 /* UITableViewController.app */ = {isa = PBXFileReference; explicitFileType = wrapper.application; includeInIndex = 0; path = UITableViewController.app; sourceTree = BUILT_PRODUCTS_DIR; };
		D368B64718E7EBE8004630C0 /* Foundation.framework */ = {isa = PBXFileReference; lastKnownFileType = wrapper.framework; name = Foundation.framework; path = System/Library/Frameworks/Foundation.framework; sourceTree = SDKROOT; };
		D368B64918E7EBE8004630C0 /* CoreGraphics.framework */ = {isa = PBXFileReference; lastKnownFileType = wrapper.framework; name = CoreGraphics.framework; path = System/Library/Frameworks/CoreGraphics.framework; sourceTree = SDKROOT; };
		D368B64B18E7EBE8004630C0 /* UIKit.framework */ = {isa = PBXFileReference; lastKnownFileType = wrapper.framework; name = UIKit.framework; path = System/Library/Frameworks/UIKit.framework; sourceTree = SDKROOT; };
		D368B64F18E7EBE8004630C0 /* UITableViewController-Info.plist */ = {isa = PBXFileReference; lastKnownFileType = text.plist.xml; path = "UITableViewController-Info.plist"; sourceTree = "<group>"; };
		D368B65118E7EBE8004630C0 /* en */ = {isa = PBXFileReference; lastKnownFileType = text.plist.strings; name = en; path = en.lproj/InfoPlist.strings; sourceTree = "<group>"; };
		D368B65318E7EBE8004630C0 /* main.m */ = {isa = PBXFileReference; lastKnownFileType = sourcecode.c.objc; path = main.m; sourceTree = "<group>"; };
		D368B65518E7EBE8004630C0 /* UITableViewController-Prefix.pch */ = {isa = PBXFileReference; lastKnownFileType = sourcecode.c.h; path = "UITableViewController-Prefix.pch"; sourceTree = "<group>"; };
		D368B65618E7EBE8004630C0 /* TGAppDelegate.h */ = {isa = PBXFileReference; lastKnownFileType = sourcecode.c.h; path = TGAppDelegate.h; sourceTree = "<group>"; };
		D368B65718E7EBE8004630C0 /* TGAppDelegate.m */ = {isa = PBXFileReference; lastKnownFileType = sourcecode.c.objc; path = TGAppDelegate.m; sourceTree = "<group>"; };
		D368B65A18E7EBE8004630C0 /* Base */ = {isa = PBXFileReference; lastKnownFileType = file.storyboard; name = Base; path = Base.lproj/Main.storyboard; sourceTree = "<group>"; };
		D368B65F18E7EBE8004630C0 /* Images.xcassets */ = {isa = PBXFileReference; lastKnownFileType = folder.assetcatalog; path = Images.xcassets; sourceTree = "<group>"; };
		D368B66518E7EBE8004630C0 /* UITableViewControllerTests.xctest */ = {isa = PBXFileReference; explicitFileType = wrapper.cfbundle; includeInIndex = 0; path = UITableViewControllerTests.xctest; sourceTree = BUILT_PRODUCTS_DIR; };
		D368B66618E7EBE8004630C0 /* XCTest.framework */ = {isa = PBXFileReference; lastKnownFileType = wrapper.framework; name = XCTest.framework; path = Library/Frameworks/XCTest.framework; sourceTree = DEVELOPER_DIR; };
		D368B66E18E7EBE8004630C0 /* UITableViewControllerTests-Info.plist */ = {isa = PBXFileReference; lastKnownFileType = text.plist.xml; path = "UITableViewControllerTests-Info.plist"; sourceTree = "<group>"; };
		D368B67018E7EBE8004630C0 /* en */ = {isa = PBXFileReference; lastKnownFileType = text.plist.strings; name = en; path = en.lproj/InfoPlist.strings; sourceTree = "<group>"; };
		D368B67218E7EBE8004630C0 /* UITableViewControllerTests.m */ = {isa = PBXFileReference; lastKnownFileType = sourcecode.c.objc; path = UITableViewControllerTests.m; sourceTree = "<group>"; };
		D368B67C18E7EC24004630C0 /* TGTableViewController.h */ = {isa = PBXFileReference; fileEncoding = 4; lastKnownFileType = sourcecode.c.h; name = TGTableViewController.h; path = ../TGTableViewController.h; sourceTree = "<group>"; };
		D368B67D18E7EC24004630C0 /* TGTableViewController.m */ = {isa = PBXFileReference; fileEncoding = 4; lastKnownFileType = sourcecode.c.objc; name = TGTableViewController.m; path = ../TGTableViewController.m; sourceTree = "<group>"; };
/* End PBXFileReference section */

/* Begin PBXFrameworksBuildPhase section */
		D368B64118E7EBE8004630C0 /* Frameworks */ = {
			isa = PBXFrameworksBuildPhase;
			buildActionMask = 2147483647;
			files = (
				D368B64A18E7EBE8004630C0 /* CoreGraphics.framework in Frameworks */,
				D368B64C18E7EBE8004630C0 /* UIKit.framework in Frameworks */,
				D368B64818E7EBE8004630C0 /* Foundation.framework in Frameworks */,
			);
			runOnlyForDeploymentPostprocessing = 0;
		};
		D368B66218E7EBE8004630C0 /* Frameworks */ = {
			isa = PBXFrameworksBuildPhase;
			buildActionMask = 2147483647;
			files = (
				D368B66718E7EBE8004630C0 /* XCTest.framework in Frameworks */,
				D368B66918E7EBE8004630C0 /* UIKit.framework in Frameworks */,
				D368B66818E7EBE8004630C0 /* Foundation.framework in Frameworks */,
			);
			runOnlyForDeploymentPostprocessing = 0;
		};
/* End PBXFrameworksBuildPhase section */

/* Begin PBXGroup section */
		D368B63B18E7EBE8004630C0 = {
			isa = PBXGroup;
			children = (
				D368B64D18E7EBE8004630C0 /* UITableViewController */,
				D368B66C18E7EBE8004630C0 /* UITableViewControllerTests */,
				D368B64618E7EBE8004630C0 /* Frameworks */,
				D368B64518E7EBE8004630C0 /* Products */,
			);
			sourceTree = "<group>";
		};
		D368B64518E7EBE8004630C0 /* Products */ = {
			isa = PBXGroup;
			children = (
				D368B64418E7EBE8004630C0 /* UITableViewController.app */,
				D368B66518E7EBE8004630C0 /* UITableViewControllerTests.xctest */,
			);
			name = Products;
			sourceTree = "<group>";
		};
		D368B64618E7EBE8004630C0 /* Frameworks */ = {
			isa = PBXGroup;
			children = (
				D368B64718E7EBE8004630C0 /* Foundation.framework */,
				D368B64918E7EBE8004630C0 /* CoreGraphics.framework */,
				D368B64B18E7EBE8004630C0 /* UIKit.framework */,
				D368B66618E7EBE8004630C0 /* XCTest.framework */,
			);
			name = Frameworks;
			sourceTree = "<group>";
		};
		D368B64D18E7EBE8004630C0 /* UITableViewController */ = {
			isa = PBXGroup;
			children = (
				D368B65618E7EBE8004630C0 /* TGAppDelegate.h */,
				D368B65718E7EBE8004630C0 /* TGAppDelegate.m */,
				D368B65918E7EBE8004630C0 /* Main.storyboard */,
				D368B67C18E7EC24004630C0 /* TGTableViewController.h */,
				D368B67D18E7EC24004630C0 /* TGTableViewController.m */,
				D368B65F18E7EBE8004630C0 /* Images.xcassets */,
				D368B64E18E7EBE8004630C0 /* Supporting Files */,
			);
			path = UITableViewController;
			sourceTree = "<group>";
		};
		D368B64E18E7EBE8004630C0 /* Supporting Files */ = {
			isa = PBXGroup;
			children = (
				D368B64F18E7EBE8004630C0 /* UITableViewController-Info.plist */,
				D368B65018E7EBE8004630C0 /* InfoPlist.strings */,
				D368B65318E7EBE8004630C0 /* main.m */,
				D368B65518E7EBE8004630C0 /* UITableViewController-Prefix.pch */,
			);
			name = "Supporting Files";
			sourceTree = "<group>";
		};
		D368B66C18E7EBE8004630C0 /* UITableViewControllerTests */ = {
			isa = PBXGroup;
			children = (
				D368B67218E7EBE8004630C0 /* UITableViewControllerTests.m */,
				D368B66D18E7EBE8004630C0 /* Supporting Files */,
			);
			path = UITableViewControllerTests;
			sourceTree = "<group>";
		};
		D368B66D18E7EBE8004630C0 /* Supporting Files */ = {
			isa = PBXGroup;
			children = (
				D368B66E18E7EBE8004630C0 /* UITableViewControllerTests-Info.plist */,
				D368B66F18E7EBE8004630C0 /* InfoPlist.strings */,
			);
			name = "Supporting Files";
			sourceTree = "<group>";
		};
/* End PBXGroup section */

/* Begin PBXNativeTarget section */
		D368B64318E7EBE8004630C0 /* UITableViewController */ = {
			isa = PBXNativeTarget;
			buildConfigurationList = D368B67618E7EBE8004630C0 /* Build configuration list for PBXNativeTarget "UITableViewController" */;
			buildPhases = (
				D368B64018E7EBE8004630C0 /* Sources */,
				D368B64118E7EBE8004630C0 /* Frameworks */,
				D368B64218E7EBE8004630C0 /* Resources */,
			);
			buildRules = (
			);
			dependencies = (
			);
			name = UITableViewController;
			productName = UITableViewController;
			productReference = D368B64418E7EBE8004630C0 /* UITableViewController.app */;
			productType = "com.apple.product-type.application";
		};
		D368B66418E7EBE8004630C0 /* UITableViewControllerTests */ = {
			isa = PBXNativeTarget;
			buildConfigurationList = D368B67918E7EBE8004630C0 /* Build configuration list for PBXNativeTarget "UITableViewControllerTests" */;
			buildPhases = (
				D368B66118E7EBE8004630C0 /* Sources */,
				D368B66218E7EBE8004630C0 /* Frameworks */,
				D368B66318E7EBE8004630C0 /* Resources */,
			);
			buildRules = (
			);
			dependencies = (
				D368B66B18E7EBE8004630C0 /* PBXTargetDependency */,
			);
			name = UITableViewControllerTests;
			productName = UITableViewControllerTests;
			productReference = D368B66518E7EBE8004630C0 /* UITableViewControllerTests.xctest */;
			productType = "com.apple.product-type.bundle.unit-test";
		};
/* End PBXNativeTarget section */

/* Begin PBXProject section */
		D368B63C18E7EBE8004630C0 /* Project object */ = {
			isa = PBXProject;
			attributes = {
				CLASSPREFIX = TG;
				LastUpgradeCheck = 0510;
				ORGANIZATIONNAME = tgalbraith;
				TargetAttributes = {
					D368B66418E7EBE8004630C0 = {
						TestTargetID = D368B64318E7EBE8004630C0;
					};
				};
			};
			buildConfigurationList = D368B63F18E7EBE8004630C0 /* Build configuration list for PBXProject "UITableViewController" */;
			compatibilityVersion = "Xcode 3.2";
			developmentRegion = English;
			hasScannedForEncodings = 0;
			knownRegions = (
				en,
				Base,
			);
			mainGroup = D368B63B18E7EBE8004630C0;
			productRefGroup = D368B64518E7EBE8004630C0 /* Products */;
			projectDirPath = "";
			projectRoot = "";
			targets = (
				D368B64318E7EBE8004630C0 /* UITableViewController */,
				D368B66418E7EBE8004630C0 /* UITableViewControllerTests */,
			);
		};
/* End PBXProject section */

/* Begin PBXResourcesBuildPhase section */
		D368B64218E7EBE8004630C0 /* Resources */ = {
			isa = PBXResourcesBuildPhase;
			buildActionMask = 2147483647;
			files = (
				D368B66018E7EBE8004630C0 /* Images.xcassets in Resources */,
				D368B65218E7EBE8004630C0 /* InfoPlist.strings in Resources */,
				D368B65B18E7EBE8004630C0 /* Main.storyboard in Resources */,
			);
			runOnlyForDeploymentPostprocessing = 0;
		};
		D368B66318E7EBE8004630C0 /* Resources */ = {
			isa = PBXResourcesBuildPhase;
			buildActionMask = 2147483647;
			files = (
				D368B67118E7EBE8004630C0 /* InfoPlist.strings in Resources */,
			);
			runOnlyForDeploymentPostprocessing = 0;
		};
/* End PBXResourcesBuildPhase section */

/* Begin PBXSourcesBuildPhase section */
		D368B64018E7EBE8004630C0 /* Sources */ = {
			isa = PBXSourcesBuildPhase;
			buildActionMask = 2147483647;
			files = (
				D368B65418E7EBE8004630C0 /* main.m in Sources */,
				D368B65818E7EBE8004630C0 /* TGAppDelegate.m in Sources */,
				D368B67E18E7EC24004630C0 /* TGTableViewController.m in Sources */,
			);
			runOnlyForDeploymentPostprocessing = 0;
		};
		D368B66118E7EBE8004630C0 /* Sources */ = {
			isa = PBXSourcesBuildPhase;
			buildActionMask = 2147483647;
			files = (
				D368B67318E7EBE8004630C0 /* UITableViewControllerTests.m in Sources */,
			);
			runOnlyForDeploymentPostprocessing = 0;
		};
/* End PBXSourcesBuildPhase section */

/* Begin PBXTargetDependency section */
		D368B66B18E7EBE8004630C0 /* PBXTargetDependency */ = {
			isa = PBXTargetDependency;
			target = D368B64318E7EBE8004630C0 /* UITableViewController */;
			targetProxy = D368B66A18E7EBE8004630C0 /* PBXContainerItemProxy */;
		};
/* End PBXTargetDependency section */

/* Begin PBXVariantGroup section */
		D368B65018E7EBE8004630C0 /* InfoPlist.strings */ = {
			isa = PBXVariantGroup;
			children = (
				D368B65118E7EBE8004630C0 /* en */,
			);
			name = InfoPlist.strings;
			sourceTree = "<group>";
		};
		D368B65918E7EBE8004630C0 /* Main.storyboard */ = {
			isa = PBXVariantGroup;
			children = (
				D368B65A18E7EBE8004630C0 /* Base */,
			);
			name = Main.storyboard;
			sourceTree = "<group>";
		};
		D368B66F18E7EBE8004630C0 /* InfoPlist.strings */ = {
			isa = PBXVariantGroup;
			children = (
				D368B67018E7EBE8004630C0 /* en */,
			);
			name = InfoPlist.strings;
			sourceTree = "<group>";
		};
/* End PBXVariantGroup section */

/* Begin XCBuildConfiguration section */
		D368B67418E7EBE8004630C0 /* Debug */ = {
			isa = XCBuildConfiguration;
			buildSettings = {
				ALWAYS_SEARCH_USER_PATHS = NO;
				CLANG_CXX_LANGUAGE_STANDARD = "gnu++0x";
				CLANG_CXX_LIBRARY = "libc++";
				CLANG_ENABLE_MODULES = YES;
				CLANG_ENABLE_OBJC_ARC = YES;
				CLANG_WARN_BOOL_CONVERSION = YES;
				CLANG_WARN_CONSTANT_CONVERSION = YES;
				CLANG_WARN_DIRECT_OBJC_ISA_USAGE = YES_ERROR;
				CLANG_WARN_EMPTY_BODY = YES;
				CLANG_WARN_ENUM_CONVERSION = YES;
				CLANG_WARN_INT_CONVERSION = YES;
				CLANG_WARN_OBJC_ROOT_CLASS = YES_ERROR;
				CLANG_WARN__DUPLICATE_METHOD_MATCH = YES;
				"CODE_SIGN_IDENTITY[sdk=iphoneos*]" = "iPhone Developer";
				COPY_PHASE_STRIP = NO;
				GCC_C_LANGUAGE_STANDARD = gnu99;
				GCC_DYNAMIC_NO_PIC = NO;
				GCC_OPTIMIZATION_LEVEL = 0;
				GCC_PREPROCESSOR_DEFINITIONS = (
					"DEBUG=1",
					"$(inherited)",
				);
				GCC_SYMBOLS_PRIVATE_EXTERN = NO;
				GCC_WARN_64_TO_32_BIT_CONVERSION = YES;
				GCC_WARN_ABOUT_RETURN_TYPE = YES_ERROR;
				GCC_WARN_UNDECLARED_SELECTOR = YES;
				GCC_WARN_UNINITIALIZED_AUTOS = YES_AGGRESSIVE;
				GCC_WARN_UNUSED_FUNCTION = YES;
				GCC_WARN_UNUSED_VARIABLE = YES;
				IPHONEOS_DEPLOYMENT_TARGET = 7.1;
				ONLY_ACTIVE_ARCH = YES;
				SDKROOT = iphoneos;
			};
			name = Debug;
		};
		D368B67518E7EBE8004630C0 /* Release */ = {
			isa = XCBuildConfiguration;
			buildSettings = {
				ALWAYS_SEARCH_USER_PATHS = NO;
				CLANG_CXX_LANGUAGE_STANDARD = "gnu++0x";
				CLANG_CXX_LIBRARY = "libc++";
				CLANG_ENABLE_MODULES = YES;
				CLANG_ENABLE_OBJC_ARC = YES;
				CLANG_WARN_BOOL_CONVERSION = YES;
				CLANG_WARN_CONSTANT_CONVERSION = YES;
				CLANG_WARN_DIRECT_OBJC_ISA_USAGE = YES_ERROR;
				CLANG_WARN_EMPTY_BODY = YES;
				CLANG_WARN_ENUM_CONVERSION = YES;
				CLANG_WARN_INT_CONVERSION = YES;
				CLANG_WARN_OBJC_ROOT_CLASS = YES_ERROR;
				CLANG_WARN__DUPLICATE_METHOD_MATCH = YES;
				"CODE_SIGN_IDENTITY[sdk=iphoneos*]" = "iPhone Developer";
				COPY_PHASE_STRIP = YES;
				ENABLE_NS_ASSERTIONS = NO;
				GCC_C_LANGUAGE_STANDARD = gnu99;
				GCC_WARN_64_TO_32_BIT_CONVERSION = YES;
				GCC_WARN_ABOUT_RETURN_TYPE = YES_ERROR;
				GCC_WARN_UNDECLARED_SELECTOR = YES;
				GCC_WARN_UNINITIALIZED_AUTOS = YES_AGGRESSIVE;
				GCC_WARN_UNUSED_FUNCTION = YES;
				GCC_WARN_UNUSED_VARIABLE = YES;
				IPHONEOS_DEPLOYMENT_TARGET = 7.1;
				SDKROOT = iphoneos;
				VALIDATE_PRODUCT = YES;
			};
			name = Release;
		};
		D368B67718E7EBE8004630C0 /* Debug */ = {
			isa = XCBuildConfiguration;
			buildSettings = {
				ASSETCATALOG_COMPILER_APPICON_NAME = AppIcon;
				ASSETCATALOG_COMPILER_LAUNCHIMAGE_NAME = LaunchImage;
				GCC_PRECOMPILE_PREFIX_HEADER = YES;
				GCC_PREFIX_HEADER = "UITableViewController/UITableViewController-Prefix.pch";
				INFOPLIST_FILE = "UITableViewController/UITableViewController-Info.plist";
				PRODUCT_NAME = "$(TARGET_NAME)";
				WRAPPER_EXTENSION = app;
			};
			name = Debug;
		};
		D368B67818E7EBE8004630C0 /* Release */ = {
			isa = XCBuildConfiguration;
			buildSettings = {
				ASSETCATALOG_COMPILER_APPICON_NAME = AppIcon;
				ASSETCATALOG_COMPILER_LAUNCHIMAGE_NAME = LaunchImage;
				GCC_PRECOMPILE_PREFIX_HEADER = YES;
				GCC_PREFIX_HEADER = "UITableViewController/UITableViewController-Prefix.pch";
				INFOPLIST_FILE = "UITableViewController/UITableViewController-Info.plist";
				PRODUCT_NAME = "$(TARGET_NAME)";
				WRAPPER_EXTENSION = app;
			};
			name = Release;
		};
		D368B67A18E7EBE8004630C0 /* Debug */ = {
			isa = XCBuildConfiguration;
			buildSettings = {
				BUNDLE_LOADER = "$(BUILT_PRODUCTS_DIR)/UITableViewController.app/UITableViewController";
				FRAMEWORK_SEARCH_PATHS = (
					"$(SDKROOT)/Developer/Library/Frameworks",
					"$(inherited)",
					"$(DEVELOPER_FRAMEWORKS_DIR)",
				);
				GCC_PRECOMPILE_PREFIX_HEADER = YES;
				GCC_PREFIX_HEADER = "UITableViewController/UITableViewController-Prefix.pch";
				GCC_PREPROCESSOR_DEFINITIONS = (
					"DEBUG=1",
					"$(inherited)",
				);
				INFOPLIST_FILE = "UITableViewControllerTests/UITableViewControllerTests-Info.plist";
				PRODUCT_NAME = "$(TARGET_NAME)";
				TEST_HOST = "$(BUNDLE_LOADER)";
				WRAPPER_EXTENSION = xctest;
			};
			name = Debug;
		};
		D368B67B18E7EBE8004630C0 /* Release */ = {
			isa = XCBuildConfiguration;
			buildSettings = {
				BUNDLE_LOADER = "$(BUILT_PRODUCTS_DIR)/UITableViewController.app/UITableViewController";
				FRAMEWORK_SEARCH_PATHS = (
					"$(SDKROOT)/Developer/Library/Frameworks",
					"$(inherited)",
					"$(DEVELOPER_FRAMEWORKS_DIR)",
				);
				GCC_PRECOMPILE_PREFIX_HEADER = YES;
				GCC_PREFIX_HEADER = "UITableViewController/UITableViewController-Prefix.pch";
				INFOPLIST_FILE = "UITableViewControllerTests/UITableViewControllerTests-Info.plist";
				PRODUCT_NAME = "$(TARGET_NAME)";
				TEST_HOST = "$(BUNDLE_LOADER)";
				WRAPPER_EXTENSION = xctest;
			};
			name = Release;
		};
/* End XCBuildConfiguration section */

/* Begin XCConfigurationList section */
		D368B63F18E7EBE8004630C0 /* Build configuration list for PBXProject "UITableViewController" */ = {
			isa = XCConfigurationList;
			buildConfigurations = (
				D368B67418E7EBE8004630C0 /* Debug */,
				D368B67518E7EBE8004630C0 /* Release */,
			);
			defaultConfigurationIsVisible = 0;
			defaultConfigurationName = Release;
		};
		D368B67618E7EBE8004630C0 /* Build configuration list for PBXNativeTarget "UITableViewController" */ = {
			isa = XCConfigurationList;
			buildConfigurations = (
				D368B67718E7EBE8004630C0 /* Debug */,
				D368B67818E7EBE8004630C0 /* Release */,
			);
			defaultConfigurationIsVisible = 0;
		};
		D368B67918E7EBE8004630C0 /* Build configuration list for PBXNativeTarget "UITableViewControllerTests" */ = {
			isa = XCConfigurationList;
			buildConfigurations = (
				D368B67A18E7EBE8004630C0 /* Debug */,
				D368B67B18E7EBE8004630C0 /* Release */,
			);
			defaultConfigurationIsVisible = 0;
		};
/* End XCConfigurationList section */
	};
	rootObject = D368B63C18E7EBE8004630C0 /* Project object */;
}
